// !$*UTF8*$!
{
	archiveVersion = 1;
	classes = {
	};
	objectVersion = 56;
	objects = {

/* Begin PBXBuildFile section */
		6A79D1A729CC36D600DD2C5D /* NaimuTVApp.swift in Sources */ = {isa = PBXBuildFile; fileRef = 6A79D1A629CC36D600DD2C5D /* NaimuTVApp.swift */; };
		6A79D1A929CC36D600DD2C5D /* ContentView.swift in Sources */ = {isa = PBXBuildFile; fileRef = 6A79D1A829CC36D600DD2C5D /* ContentView.swift */; };
		6A79D1AB29CC36D800DD2C5D /* Assets.xcassets in Resources */ = {isa = PBXBuildFile; fileRef = 6A79D1AA29CC36D800DD2C5D /* Assets.xcassets */; };
		6A79D1AE29CC36D800DD2C5D /* Preview Assets.xcassets in Resources */ = {isa = PBXBuildFile; fileRef = 6A79D1AD29CC36D800DD2C5D /* Preview Assets.xcassets */; };
		6A79D1B829CC36D800DD2C5D /* NaimuTVTests.swift in Sources */ = {isa = PBXBuildFile; fileRef = 6A79D1B729CC36D800DD2C5D /* NaimuTVTests.swift */; };
		6A79D1C229CC36D800DD2C5D /* NaimuTVUITests.swift in Sources */ = {isa = PBXBuildFile; fileRef = 6A79D1C129CC36D800DD2C5D /* NaimuTVUITests.swift */; };
		6A79D1C429CC36D800DD2C5D /* NaimuTVUITestsLaunchTests.swift in Sources */ = {isa = PBXBuildFile; fileRef = 6A79D1C329CC36D800DD2C5D /* NaimuTVUITestsLaunchTests.swift */; };
/* End PBXBuildFile section */

/* Begin PBXContainerItemProxy section */
		6A79D1B429CC36D800DD2C5D /* PBXContainerItemProxy */ = {
			isa = PBXContainerItemProxy;
			containerPortal = 6A79D19B29CC36D600DD2C5D /* Project object */;
			proxyType = 1;
			remoteGlobalIDString = 6A79D1A229CC36D600DD2C5D;
			remoteInfo = NaimuTV;
		};
		6A79D1BE29CC36D800DD2C5D /* PBXContainerItemProxy */ = {
			isa = PBXContainerItemProxy;
			containerPortal = 6A79D19B29CC36D600DD2C5D /* Project object */;
			proxyType = 1;
			remoteGlobalIDString = 6A79D1A229CC36D600DD2C5D;
			remoteInfo = NaimuTV;
		};
/* End PBXContainerItemProxy section */

/* Begin PBXFileReference section */
		6A79D1A329CC36D600DD2C5D /* NaimuTV.app */ = {isa = PBXFileReference; explicitFileType = wrapper.application; includeInIndex = 0; path = NaimuTV.app; sourceTree = BUILT_PRODUCTS_DIR; };
		6A79D1A629CC36D600DD2C5D /* NaimuTVApp.swift */ = {isa = PBXFileReference; lastKnownFileType = sourcecode.swift; path = NaimuTVApp.swift; sourceTree = "<group>"; };
		6A79D1A829CC36D600DD2C5D /* ContentView.swift */ = {isa = PBXFileReference; lastKnownFileType = sourcecode.swift; path = ContentView.swift; sourceTree = "<group>"; };
		6A79D1AA29CC36D800DD2C5D /* Assets.xcassets */ = {isa = PBXFileReference; lastKnownFileType = folder.assetcatalog; path = Assets.xcassets; sourceTree = "<group>"; };
		6A79D1AD29CC36D800DD2C5D /* Preview Assets.xcassets */ = {isa = PBXFileReference; lastKnownFileType = folder.assetcatalog; path = "Preview Assets.xcassets"; sourceTree = "<group>"; };
		6A79D1B329CC36D800DD2C5D /* NaimuTVTests.xctest */ = {isa = PBXFileReference; explicitFileType = wrapper.cfbundle; includeInIndex = 0; path = NaimuTVTests.xctest; sourceTree = BUILT_PRODUCTS_DIR; };
		6A79D1B729CC36D800DD2C5D /* NaimuTVTests.swift */ = {isa = PBXFileReference; lastKnownFileType = sourcecode.swift; path = NaimuTVTests.swift; sourceTree = "<group>"; };
		6A79D1BD29CC36D800DD2C5D /* NaimuTVUITests.xctest */ = {isa = PBXFileReference; explicitFileType = wrapper.cfbundle; includeInIndex = 0; path = NaimuTVUITests.xctest; sourceTree = BUILT_PRODUCTS_DIR; };
		6A79D1C129CC36D800DD2C5D /* NaimuTVUITests.swift */ = {isa = PBXFileReference; lastKnownFileType = sourcecode.swift; path = NaimuTVUITests.swift; sourceTree = "<group>"; };
		6A79D1C329CC36D800DD2C5D /* NaimuTVUITestsLaunchTests.swift */ = {isa = PBXFileReference; lastKnownFileType = sourcecode.swift; path = NaimuTVUITestsLaunchTests.swift; sourceTree = "<group>"; };
/* End PBXFileReference section */

/* Begin PBXFrameworksBuildPhase section */
		6A79D1A029CC36D600DD2C5D /* Frameworks */ = {
			isa = PBXFrameworksBuildPhase;
			buildActionMask = 2147483647;
			files = (
			);
			runOnlyForDeploymentPostprocessing = 0;
		};
		6A79D1B029CC36D800DD2C5D /* Frameworks */ = {
			isa = PBXFrameworksBuildPhase;
			buildActionMask = 2147483647;
			files = (
			);
			runOnlyForDeploymentPostprocessing = 0;
		};
		6A79D1BA29CC36D800DD2C5D /* Frameworks */ = {
			isa = PBXFrameworksBuildPhase;
			buildActionMask = 2147483647;
			files = (
			);
			runOnlyForDeploymentPostprocessing = 0;
		};
/* End PBXFrameworksBuildPhase section */

/* Begin PBXGroup section */
		6A79D19A29CC36D600DD2C5D = {
			isa = PBXGroup;
			children = (
				6A79D1A529CC36D600DD2C5D /* NaimuTV */,
				6A79D1B629CC36D800DD2C5D /* NaimuTVTests */,
				6A79D1C029CC36D800DD2C5D /* NaimuTVUITests */,
				6A79D1A429CC36D600DD2C5D /* Products */,
			);
			sourceTree = "<group>";
		};
		6A79D1A429CC36D600DD2C5D /* Products */ = {
			isa = PBXGroup;
			children = (
				6A79D1A329CC36D600DD2C5D /* NaimuTV.app */,
				6A79D1B329CC36D800DD2C5D /* NaimuTVTests.xctest */,
				6A79D1BD29CC36D800DD2C5D /* NaimuTVUITests.xctest */,
			);
			name = Products;
			sourceTree = "<group>";
		};
		6A79D1A529CC36D600DD2C5D /* NaimuTV */ = {
			isa = PBXGroup;
			children = (
				6A79D1A629CC36D600DD2C5D /* NaimuTVApp.swift */,
				6A79D1A829CC36D600DD2C5D /* ContentView.swift */,
				6A79D1AA29CC36D800DD2C5D /* Assets.xcassets */,
				6A79D1AC29CC36D800DD2C5D /* Preview Content */,
			);
			path = NaimuTV;
			sourceTree = "<group>";
		};
		6A79D1AC29CC36D800DD2C5D /* Preview Content */ = {
			isa = PBXGroup;
			children = (
				6A79D1AD29CC36D800DD2C5D /* Preview Assets.xcassets */,
			);
			path = "Preview Content";
			sourceTree = "<group>";
		};
		6A79D1B629CC36D800DD2C5D /* NaimuTVTests */ = {
			isa = PBXGroup;
			children = (
				6A79D1B729CC36D800DD2C5D /* NaimuTVTests.swift */,
			);
			path = NaimuTVTests;
			sourceTree = "<group>";
		};
		6A79D1C029CC36D800DD2C5D /* NaimuTVUITests */ = {
			isa = PBXGroup;
			children = (
				6A79D1C129CC36D800DD2C5D /* NaimuTVUITests.swift */,
				6A79D1C329CC36D800DD2C5D /* NaimuTVUITestsLaunchTests.swift */,
			);
			path = NaimuTVUITests;
			sourceTree = "<group>";
		};
/* End PBXGroup section */

/* Begin PBXNativeTarget section */
		6A79D1A229CC36D600DD2C5D /* NaimuTV */ = {
			isa = PBXNativeTarget;
			buildConfigurationList = 6A79D1C729CC36D800DD2C5D /* Build configuration list for PBXNativeTarget "NaimuTV" */;
			buildPhases = (
				6A79D19F29CC36D600DD2C5D /* Sources */,
				6A79D1A029CC36D600DD2C5D /* Frameworks */,
				6A79D1A129CC36D600DD2C5D /* Resources */,
			);
			buildRules = (
			);
			dependencies = (
			);
			name = NaimuTV;
			productName = NaimuTV;
			productReference = 6A79D1A329CC36D600DD2C5D /* NaimuTV.app */;
			productType = "com.apple.product-type.application";
		};
		6A79D1B229CC36D800DD2C5D /* NaimuTVTests */ = {
			isa = PBXNativeTarget;
			buildConfigurationList = 6A79D1CA29CC36D800DD2C5D /* Build configuration list for PBXNativeTarget "NaimuTVTests" */;
			buildPhases = (
				6A79D1AF29CC36D800DD2C5D /* Sources */,
				6A79D1B029CC36D800DD2C5D /* Frameworks */,
				6A79D1B129CC36D800DD2C5D /* Resources */,
			);
			buildRules = (
			);
			dependencies = (
				6A79D1B529CC36D800DD2C5D /* PBXTargetDependency */,
			);
			name = NaimuTVTests;
			productName = NaimuTVTests;
			productReference = 6A79D1B329CC36D800DD2C5D /* NaimuTVTests.xctest */;
			productType = "com.apple.product-type.bundle.unit-test";
		};
		6A79D1BC29CC36D800DD2C5D /* NaimuTVUITests */ = {
			isa = PBXNativeTarget;
			buildConfigurationList = 6A79D1CD29CC36D800DD2C5D /* Build configuration list for PBXNativeTarget "NaimuTVUITests" */;
			buildPhases = (
				6A79D1B929CC36D800DD2C5D /* Sources */,
				6A79D1BA29CC36D800DD2C5D /* Frameworks */,
				6A79D1BB29CC36D800DD2C5D /* Resources */,
			);
			buildRules = (
			);
			dependencies = (
				6A79D1BF29CC36D800DD2C5D /* PBXTargetDependency */,
			);
			name = NaimuTVUITests;
			productName = NaimuTVUITests;
			productReference = 6A79D1BD29CC36D800DD2C5D /* NaimuTVUITests.xctest */;
			productType = "com.apple.product-type.bundle.ui-testing";
		};
/* End PBXNativeTarget section */

/* Begin PBXProject section */
		6A79D19B29CC36D600DD2C5D /* Project object */ = {
			isa = PBXProject;
			attributes = {
				BuildIndependentTargetsInParallel = 1;
				LastSwiftUpdateCheck = 1420;
				LastUpgradeCheck = 1420;
				TargetAttributes = {
					6A79D1A229CC36D600DD2C5D = {
						CreatedOnToolsVersion = 14.2;
					};
					6A79D1B229CC36D800DD2C5D = {
						CreatedOnToolsVersion = 14.2;
						TestTargetID = 6A79D1A229CC36D600DD2C5D;
					};
					6A79D1BC29CC36D800DD2C5D = {
						CreatedOnToolsVersion = 14.2;
						TestTargetID = 6A79D1A229CC36D600DD2C5D;
					};
				};
			};
			buildConfigurationList = 6A79D19E29CC36D600DD2C5D /* Build configuration list for PBXProject "NaimuTV" */;
			compatibilityVersion = "Xcode 14.0";
			developmentRegion = en;
			hasScannedForEncodings = 0;
			knownRegions = (
				en,
				Base,
			);
			mainGroup = 6A79D19A29CC36D600DD2C5D;
			productRefGroup = 6A79D1A429CC36D600DD2C5D /* Products */;
			projectDirPath = "";
			projectRoot = "";
			targets = (
				6A79D1A229CC36D600DD2C5D /* NaimuTV */,
				6A79D1B229CC36D800DD2C5D /* NaimuTVTests */,
				6A79D1BC29CC36D800DD2C5D /* NaimuTVUITests */,
			);
		};
/* End PBXProject section */

/* Begin PBXResourcesBuildPhase section */
		6A79D1A129CC36D600DD2C5D /* Resources */ = {
			isa = PBXResourcesBuildPhase;
			buildActionMask = 2147483647;
			files = (
				6A79D1AE29CC36D800DD2C5D /* Preview Assets.xcassets in Resources */,
				6A79D1AB29CC36D800DD2C5D /* Assets.xcassets in Resources */,
			);
			runOnlyForDeploymentPostprocessing = 0;
		};
		6A79D1B129CC36D800DD2C5D /* Resources */ = {
			isa = PBXResourcesBuildPhase;
			buildActionMask = 2147483647;
			files = (
			);
			runOnlyForDeploymentPostprocessing = 0;
		};
		6A79D1BB29CC36D800DD2C5D /* Resources */ = {
			isa = PBXResourcesBuildPhase;
			buildActionMask = 2147483647;
			files = (
			);
			runOnlyForDeploymentPostprocessing = 0;
		};
/* End PBXResourcesBuildPhase section */

/* Begin PBXSourcesBuildPhase section */
		6A79D19F29CC36D600DD2C5D /* Sources */ = {
			isa = PBXSourcesBuildPhase;
			buildActionMask = 2147483647;
			files = (
				6A79D1A929CC36D600DD2C5D /* ContentView.swift in Sources */,
				6A79D1A729CC36D600DD2C5D /* NaimuTVApp.swift in Sources */,
			);
			runOnlyForDeploymentPostprocessing = 0;
		};
		6A79D1AF29CC36D800DD2C5D /* Sources */ = {
			isa = PBXSourcesBuildPhase;
			buildActionMask = 2147483647;
			files = (
				6A79D1B829CC36D800DD2C5D /* NaimuTVTests.swift in Sources */,
			);
			runOnlyForDeploymentPostprocessing = 0;
		};
		6A79D1B929CC36D800DD2C5D /* Sources */ = {
			isa = PBXSourcesBuildPhase;
			buildActionMask = 2147483647;
			files = (
				6A79D1C229CC36D800DD2C5D /* NaimuTVUITests.swift in Sources */,
				6A79D1C429CC36D800DD2C5D /* NaimuTVUITestsLaunchTests.swift in Sources */,
			);
			runOnlyForDeploymentPostprocessing = 0;
		};
/* End PBXSourcesBuildPhase section */

/* Begin PBXTargetDependency section */
		6A79D1B529CC36D800DD2C5D /* PBXTargetDependency */ = {
			isa = PBXTargetDependency;
			target = 6A79D1A229CC36D600DD2C5D /* NaimuTV */;
			targetProxy = 6A79D1B429CC36D800DD2C5D /* PBXContainerItemProxy */;
		};
		6A79D1BF29CC36D800DD2C5D /* PBXTargetDependency */ = {
			isa = PBXTargetDependency;
			target = 6A79D1A229CC36D600DD2C5D /* NaimuTV */;
			targetProxy = 6A79D1BE29CC36D800DD2C5D /* PBXContainerItemProxy */;
		};
/* End PBXTargetDependency section */

/* Begin XCBuildConfiguration section */
		6A79D1C529CC36D800DD2C5D /* Debug */ = {
			isa = XCBuildConfiguration;
			buildSettings = {
				ALWAYS_SEARCH_USER_PATHS = NO;
				CLANG_ANALYZER_NONNULL = YES;
				CLANG_ANALYZER_NUMBER_OBJECT_CONVERSION = YES_AGGRESSIVE;
				CLANG_CXX_LANGUAGE_STANDARD = "gnu++20";
				CLANG_ENABLE_MODULES = YES;
				CLANG_ENABLE_OBJC_ARC = YES;
				CLANG_ENABLE_OBJC_WEAK = YES;
				CLANG_WARN_BLOCK_CAPTURE_AUTORELEASING = YES;
				CLANG_WARN_BOOL_CONVERSION = YES;
				CLANG_WARN_COMMA = YES;
				CLANG_WARN_CONSTANT_CONVERSION = YES;
				CLANG_WARN_DEPRECATED_OBJC_IMPLEMENTATIONS = YES;
				CLANG_WARN_DIRECT_OBJC_ISA_USAGE = YES_ERROR;
				CLANG_WARN_DOCUMENTATION_COMMENTS = YES;
				CLANG_WARN_EMPTY_BODY = YES;
				CLANG_WARN_ENUM_CONVERSION = YES;
				CLANG_WARN_INFINITE_RECURSION = YES;
				CLANG_WARN_INT_CONVERSION = YES;
				CLANG_WARN_NON_LITERAL_NULL_CONVERSION = YES;
				CLANG_WARN_OBJC_IMPLICIT_RETAIN_SELF = YES;
				CLANG_WARN_OBJC_LITERAL_CONVERSION = YES;
				CLANG_WARN_OBJC_ROOT_CLASS = YES_ERROR;
				CLANG_WARN_QUOTED_INCLUDE_IN_FRAMEWORK_HEADER = YES;
				CLANG_WARN_RANGE_LOOP_ANALYSIS = YES;
				CLANG_WARN_STRICT_PROTOTYPES = YES;
				CLANG_WARN_SUSPICIOUS_MOVE = YES;
				CLANG_WARN_UNGUARDED_AVAILABILITY = YES_AGGRESSIVE;
				CLANG_WARN_UNREACHABLE_CODE = YES;
				CLANG_WARN__DUPLICATE_METHOD_MATCH = YES;
				COPY_PHASE_STRIP = NO;
				DEBUG_INFORMATION_FORMAT = dwarf;
				ENABLE_STRICT_OBJC_MSGSEND = YES;
				ENABLE_TESTABILITY = YES;
				GCC_C_LANGUAGE_STANDARD = gnu11;
				GCC_DYNAMIC_NO_PIC = NO;
				GCC_NO_COMMON_BLOCKS = YES;
				GCC_OPTIMIZATION_LEVEL = 0;
				GCC_PREPROCESSOR_DEFINITIONS = (
					"DEBUG=1",
					"$(inherited)",
				);
				GCC_WARN_64_TO_32_BIT_CONVERSION = YES;
				GCC_WARN_ABOUT_RETURN_TYPE = YES_ERROR;
				GCC_WARN_UNDECLARED_SELECTOR = YES;
				GCC_WARN_UNINITIALIZED_AUTOS = YES_AGGRESSIVE;
				GCC_WARN_UNUSED_FUNCTION = YES;
				GCC_WARN_UNUSED_VARIABLE = YES;
				IPHONEOS_DEPLOYMENT_TARGET = 16.2;
				MTL_ENABLE_DEBUG_INFO = INCLUDE_SOURCE;
				MTL_FAST_MATH = YES;
				ONLY_ACTIVE_ARCH = YES;
				SDKROOT = iphoneos;
				SWIFT_ACTIVE_COMPILATION_CONDITIONS = DEBUG;
				SWIFT_OPTIMIZATION_LEVEL = "-Onone";
			};
			name = Debug;
		};
		6A79D1C629CC36D800DD2C5D /* Release */ = {
			isa = XCBuildConfiguration;
			buildSettings = {
				ALWAYS_SEARCH_USER_PATHS = NO;
				CLANG_ANALYZER_NONNULL = YES;
				CLANG_ANALYZER_NUMBER_OBJECT_CONVERSION = YES_AGGRESSIVE;
				CLANG_CXX_LANGUAGE_STANDARD = "gnu++20";
				CLANG_ENABLE_MODULES = YES;
				CLANG_ENABLE_OBJC_ARC = YES;
				CLANG_ENABLE_OBJC_WEAK = YES;
				CLANG_WARN_BLOCK_CAPTURE_AUTORELEASING = YES;
				CLANG_WARN_BOOL_CONVERSION = YES;
				CLANG_WARN_COMMA = YES;
				CLANG_WARN_CONSTANT_CONVERSION = YES;
				CLANG_WARN_DEPRECATED_OBJC_IMPLEMENTATIONS = YES;
				CLANG_WARN_DIRECT_OBJC_ISA_USAGE = YES_ERROR;
				CLANG_WARN_DOCUMENTATION_COMMENTS = YES;
				CLANG_WARN_EMPTY_BODY = YES;
				CLANG_WARN_ENUM_CONVERSION = YES;
				CLANG_WARN_INFINITE_RECURSION = YES;
				CLANG_WARN_INT_CONVERSION = YES;
				CLANG_WARN_NON_LITERAL_NULL_CONVERSION = YES;
				CLANG_WARN_OBJC_IMPLICIT_RETAIN_SELF = YES;
				CLANG_WARN_OBJC_LITERAL_CONVERSION = YES;
				CLANG_WARN_OBJC_ROOT_CLASS = YES_ERROR;
				CLANG_WARN_QUOTED_INCLUDE_IN_FRAMEWORK_HEADER = YES;
				CLANG_WARN_RANGE_LOOP_ANALYSIS = YES;
				CLANG_WARN_STRICT_PROTOTYPES = YES;
				CLANG_WARN_SUSPICIOUS_MOVE = YES;
				CLANG_WARN_UNGUARDED_AVAILABILITY = YES_AGGRESSIVE;
				CLANG_WARN_UNREACHABLE_CODE = YES;
				CLANG_WARN__DUPLICATE_METHOD_MATCH = YES;
				COPY_PHASE_STRIP = NO;
				DEBUG_INFORMATION_FORMAT = "dwarf-with-dsym";
				ENABLE_NS_ASSERTIONS = NO;
				ENABLE_STRICT_OBJC_MSGSEND = YES;
				GCC_C_LANGUAGE_STANDARD = gnu11;
				GCC_NO_COMMON_BLOCKS = YES;
				GCC_WARN_64_TO_32_BIT_CONVERSION = YES;
				GCC_WARN_ABOUT_RETURN_TYPE = YES_ERROR;
				GCC_WARN_UNDECLARED_SELECTOR = YES;
				GCC_WARN_UNINITIALIZED_AUTOS = YES_AGGRESSIVE;
				GCC_WARN_UNUSED_FUNCTION = YES;
				GCC_WARN_UNUSED_VARIABLE = YES;
				IPHONEOS_DEPLOYMENT_TARGET = 16.2;
				MTL_ENABLE_DEBUG_INFO = NO;
				MTL_FAST_MATH = YES;
				SDKROOT = iphoneos;
				SWIFT_COMPILATION_MODE = wholemodule;
				SWIFT_OPTIMIZATION_LEVEL = "-O";
				VALIDATE_PRODUCT = YES;
			};
			name = Release;
		};
		6A79D1C829CC36D800DD2C5D /* Debug */ = {
			isa = XCBuildConfiguration;
			buildSettings = {
				ASSETCATALOG_COMPILER_APPICON_NAME = AppIcon;
				ASSETCATALOG_COMPILER_GLOBAL_ACCENT_COLOR_NAME = AccentColor;
				CODE_SIGN_STYLE = Automatic;
				CURRENT_PROJECT_VERSION = 1;
				DEVELOPMENT_ASSET_PATHS = "\"NaimuTV/Preview Content\"";
				ENABLE_PREVIEWS = YES;
				GENERATE_INFOPLIST_FILE = YES;
				INFOPLIST_KEY_UIApplicationSceneManifest_Generation = YES;
				INFOPLIST_KEY_UIApplicationSupportsIndirectInputEvents = YES;
				INFOPLIST_KEY_UILaunchScreen_Generation = YES;
				INFOPLIST_KEY_UISupportedInterfaceOrientations_iPad = "UIInterfaceOrientationPortrait UIInterfaceOrientationPortraitUpsideDown UIInterfaceOrientationLandscapeLeft UIInterfaceOrientationLandscapeRight";
				INFOPLIST_KEY_UISupportedInterfaceOrientations_iPhone = "UIInterfaceOrientationPortrait UIInterfaceOrientationLandscapeLeft UIInterfaceOrientationLandscapeRight";
				LD_RUNPATH_SEARCH_PATHS = (
					"$(inherited)",
					"@executable_path/Frameworks",
				);
				MARKETING_VERSION = 1.0;
				PRODUCT_BUNDLE_IDENTIFIER = Naimuru.NaimuTV;
				PRODUCT_NAME = "$(TARGET_NAME)";
				SWIFT_EMIT_LOC_STRINGS = YES;
				SWIFT_VERSION = 5.0;
				TARGETED_DEVICE_FAMILY = "1,2";
			};
			name = Debug;
		};
		6A79D1C929CC36D800DD2C5D /* Release */ = {
			isa = XCBuildConfiguration;
			buildSettings = {
				ASSETCATALOG_COMPILER_APPICON_NAME = AppIcon;
				ASSETCATALOG_COMPILER_GLOBAL_ACCENT_COLOR_NAME = AccentColor;
				CODE_SIGN_STYLE = Automatic;
				CURRENT_PROJECT_VERSION = 1;
				DEVELOPMENT_ASSET_PATHS = "\"NaimuTV/Preview Content\"";
				ENABLE_PREVIEWS = YES;
				GENERATE_INFOPLIST_FILE = YES;
				INFOPLIST_KEY_UIApplicationSceneManifest_Generation = YES;
				INFOPLIST_KEY_UIApplicationSupportsIndirectInputEvents = YES;
				INFOPLIST_KEY_UILaunchScreen_Generation = YES;
				INFOPLIST_KEY_UISupportedInterfaceOrientations_iPad = "UIInterfaceOrientationPortrait UIInterfaceOrientationPortraitUpsideDown UIInterfaceOrientationLandscapeLeft UIInterfaceOrientationLandscapeRight";
				INFOPLIST_KEY_UISupportedInterfaceOrientations_iPhone = "UIInterfaceOrientationPortrait UIInterfaceOrientationLandscapeLeft UIInterfaceOrientationLandscapeRight";
				LD_RUNPATH_SEARCH_PATHS = (
					"$(inherited)",
					"@executable_path/Frameworks",
				);
				MARKETING_VERSION = 1.0;
				PRODUCT_BUNDLE_IDENTIFIER = Naimuru.NaimuTV;
				PRODUCT_NAME = "$(TARGET_NAME)";
				SWIFT_EMIT_LOC_STRINGS = YES;
				SWIFT_VERSION = 5.0;
				TARGETED_DEVICE_FAMILY = "1,2";
			};
			name = Release;
		};
		6A79D1CB29CC36D800DD2C5D /* Debug */ = {
			isa = XCBuildConfiguration;
			buildSettings = {
				ALWAYS_EMBED_SWIFT_STANDARD_LIBRARIES = YES;
				BUNDLE_LOADER = "$(TEST_HOST)";
				CODE_SIGN_STYLE = Automatic;
				CURRENT_PROJECT_VERSION = 1;
				GENERATE_INFOPLIST_FILE = YES;
				IPHONEOS_DEPLOYMENT_TARGET = 16.2;
				MARKETING_VERSION = 1.0;
				PRODUCT_BUNDLE_IDENTIFIER = Naimuru.NaimuTVTests;
				PRODUCT_NAME = "$(TARGET_NAME)";
				SWIFT_EMIT_LOC_STRINGS = NO;
				SWIFT_VERSION = 5.0;
				TARGETED_DEVICE_FAMILY = "1,2";
				TEST_HOST = "$(BUILT_PRODUCTS_DIR)/NaimuTV.app/$(BUNDLE_EXECUTABLE_FOLDER_PATH)/NaimuTV";
			};
			name = Debug;
		};
		6A79D1CC29CC36D800DD2C5D /* Release */ = {
			isa = XCBuildConfiguration;
			buildSettings = {
				ALWAYS_EMBED_SWIFT_STANDARD_LIBRARIES = YES;
				BUNDLE_LOADER = "$(TEST_HOST)";
				CODE_SIGN_STYLE = Automatic;
				CURRENT_PROJECT_VERSION = 1;
				GENERATE_INFOPLIST_FILE = YES;
				IPHONEOS_DEPLOYMENT_TARGET = 16.2;
				MARKETING_VERSION = 1.0;
				PRODUCT_BUNDLE_IDENTIFIER = Naimuru.NaimuTVTests;
				PRODUCT_NAME = "$(TARGET_NAME)";
				SWIFT_EMIT_LOC_STRINGS = NO;
				SWIFT_VERSION = 5.0;
				TARGETED_DEVICE_FAMILY = "1,2";
				TEST_HOST = "$(BUILT_PRODUCTS_DIR)/NaimuTV.app/$(BUNDLE_EXECUTABLE_FOLDER_PATH)/NaimuTV";
			};
			name = Release;
		};
		6A79D1CE29CC36D800DD2C5D /* Debug */ = {
			isa = XCBuildConfiguration;
			buildSettings = {
				ALWAYS_EMBED_SWIFT_STANDARD_LIBRARIES = YES;
				CODE_SIGN_STYLE = Automatic;
				CURRENT_PROJECT_VERSION = 1;
				GENERATE_INFOPLIST_FILE = YES;
				MARKETING_VERSION = 1.0;
				PRODUCT_BUNDLE_IDENTIFIER = Naimuru.NaimuTVUITests;
				PRODUCT_NAME = "$(TARGET_NAME)";
				SWIFT_EMIT_LOC_STRINGS = NO;
				SWIFT_VERSION = 5.0;
				TARGETED_DEVICE_FAMILY = "1,2";
				TEST_TARGET_NAME = NaimuTV;
			};
			name = Debug;
		};
		6A79D1CF29CC36D800DD2C5D /* Release */ = {
			isa = XCBuildConfiguration;
			buildSettings = {
				ALWAYS_EMBED_SWIFT_STANDARD_LIBRARIES = YES;
				CODE_SIGN_STYLE = Automatic;
				CURRENT_PROJECT_VERSION = 1;
				GENERATE_INFOPLIST_FILE = YES;
				MARKETING_VERSION = 1.0;
				PRODUCT_BUNDLE_IDENTIFIER = Naimuru.NaimuTVUITests;
				PRODUCT_NAME = "$(TARGET_NAME)";
				SWIFT_EMIT_LOC_STRINGS = NO;
				SWIFT_VERSION = 5.0;
				TARGETED_DEVICE_FAMILY = "1,2";
				TEST_TARGET_NAME = NaimuTV;
			};
			name = Release;
		};
/* End XCBuildConfiguration section */

/* Begin XCConfigurationList section */
		6A79D19E29CC36D600DD2C5D /* Build configuration list for PBXProject "NaimuTV" */ = {
			isa = XCConfigurationList;
			buildConfigurations = (
				6A79D1C529CC36D800DD2C5D /* Debug */,
				6A79D1C629CC36D800DD2C5D /* Release */,
			);
			defaultConfigurationIsVisible = 0;
			defaultConfigurationName = Release;
		};
		6A79D1C729CC36D800DD2C5D /* Build configuration list for PBXNativeTarget "NaimuTV" */ = {
			isa = XCConfigurationList;
			buildConfigurations = (
				6A79D1C829CC36D800DD2C5D /* Debug */,
				6A79D1C929CC36D800DD2C5D /* Release */,
			);
			defaultConfigurationIsVisible = 0;
			defaultConfigurationName = Release;
		};
		6A79D1CA29CC36D800DD2C5D /* Build configuration list for PBXNativeTarget "NaimuTVTests" */ = {
			isa = XCConfigurationList;
			buildConfigurations = (
				6A79D1CB29CC36D800DD2C5D /* Debug */,
				6A79D1CC29CC36D800DD2C5D /* Release */,
			);
			defaultConfigurationIsVisible = 0;
			defaultConfigurationName = Release;
		};
		6A79D1CD29CC36D800DD2C5D /* Build configuration list for PBXNativeTarget "NaimuTVUITests" */ = {
			isa = XCConfigurationList;
			buildConfigurations = (
				6A79D1CE29CC36D800DD2C5D /* Debug */,
				6A79D1CF29CC36D800DD2C5D /* Release */,
			);
			defaultConfigurationIsVisible = 0;
			defaultConfigurationName = Release;
		};
/* End XCConfigurationList section */
	};
	rootObject = 6A79D19B29CC36D600DD2C5D /* Project object */;
}
